
Microsoft Visual Studio Solution File, Format Version 12.00
# Visual Studio 14
VisualStudioVersion = 14.0.23107.0
MinimumVisualStudioVersion = 10.0.40219.1
Project("{FAE04EC0-301F-11D3-BF4B-00C04F79EFBC}") = "BMI_Overlay", "BMI_Overlay\BMI_Overlay.csproj", "{EB7519D7-6714-40C0-A67A-423F7B6707FC}"
EndProject
Project("{FAE04EC0-301F-11D3-BF4B-00C04F79EFBC}") = "BMI_Rechner", "BMI_Rechner\BMI_Rechner.csproj", "{508224DA-8FA6-46EF-89D6-8E6B7E3A7C6A}"
EndProject
Global
	GlobalSection(SolutionConfigurationPlatforms) = preSolution
		Debug|Any CPU = Debug|Any CPU
		Release|Any CPU = Release|Any CPU
	EndGlobalSection
	GlobalSection(ProjectConfigurationPlatforms) = postSolution
		{EB7519D7-6714-40C0-A67A-423F7B6707FC}.Debug|Any CPU.ActiveCfg = Debug|Any CPU
		{EB7519D7-6714-40C0-A67A-423F7B6707FC}.Debug|Any CPU.Build.0 = Debug|Any CPU
		{EB7519D7-6714-40C0-A67A-423F7B6707FC}.Release|Any CPU.ActiveCfg = Release|Any CPU
		{EB7519D7-6714-40C0-A67A-423F7B6707FC}.Release|Any CPU.Build.0 = Release|Any CPU
		{508224DA-8FA6-46EF-89D6-8E6B7E3A7C6A}.Debug|Any CPU.ActiveCfg = Debug|Any CPU
		{508224DA-8FA6-46EF-89D6-8E6B7E3A7C6A}.Debug|Any CPU.Build.0 = Debug|Any CPU
		{508224DA-8FA6-46EF-89D6-8E6B7E3A7C6A}.Release|Any CPU.ActiveCfg = Release|Any CPU
		{508224DA-8FA6-46EF-89D6-8E6B7E3A7C6A}.Release|Any CPU.Build.0 = Release|Any CPU
	EndGlobalSection
	GlobalSection(SolutionProperties) = preSolution
		HideSolutionNode = FALSE
	EndGlobalSection
EndGlobal
